
Microsoft Visual Studio Solution File, Format Version 12.00
# Visual Studio Version 17
VisualStudioVersion = 17.3.32922.545
MinimumVisualStudioVersion = 10.0.40219.1
Project("{FAE04EC0-301F-11D3-BF4B-00C04F79EFBC}") = "HW5_CSharpProfessional", "HW5_CSharpProfessional\HW5_CSharpProfessional.csproj", "{FD33C171-47CF-459B-AC68-7D2008BDC912}"
EndProject
Global
	GlobalSection(SolutionConfigurationPlatforms) = preSolution
		Debug|Any CPU = Debug|Any CPU
		Release|Any CPU = Release|Any CPU
	EndGlobalSection
	GlobalSection(ProjectConfigurationPlatforms) = postSolution
		{FD33C171-47CF-459B-AC68-7D2008BDC912}.Debug|Any CPU.ActiveCfg = Debug|Any CPU
		{FD33C171-47CF-459B-AC68-7D2008BDC912}.Debug|Any CPU.Build.0 = Debug|Any CPU
		{FD33C171-47CF-459B-AC68-7D2008BDC912}.Release|Any CPU.ActiveCfg = Release|Any CPU
		{FD33C171-47CF-459B-AC68-7D2008BDC912}.Release|Any CPU.Build.0 = Release|Any CPU
	EndGlobalSection
	GlobalSection(SolutionProperties) = preSolution
		HideSolutionNode = FALSE
	EndGlobalSection
	GlobalSection(ExtensibilityGlobals) = postSolution
		SolutionGuid = {24A3C05C-9A70-4BC9-A844-78D0E49BCB4B}
	EndGlobalSection
EndGlobal
